// !$*UTF8*$!
{
	archiveVersion = 1;
	classes = {
	};
	objectVersion = 46;
	objects = {

/* Begin PBXBuildFile section */
		D4ED11CB1F9E118A00C33AF5 /* RCTConvert+TwilioChatClient.m in Sources */ = {isa = PBXBuildFile; fileRef = D4ED11C11F9E118A00C33AF5 /* RCTConvert+TwilioChatClient.m */; };
		D4ED11CC1F9E118A00C33AF5 /* RCTTwilioChatMembers.m in Sources */ = {isa = PBXBuildFile; fileRef = D4ED11C31F9E118A00C33AF5 /* RCTTwilioChatMembers.m */; };
		D4ED11CD1F9E118A00C33AF5 /* RCTTwilioChatClient.m in Sources */ = {isa = PBXBuildFile; fileRef = D4ED11C51F9E118A00C33AF5 /* RCTTwilioChatClient.m */; };
		D4ED11CE1F9E118A00C33AF5 /* RCTTwilioChatMessages.m in Sources */ = {isa = PBXBuildFile; fileRef = D4ED11C61F9E118A00C33AF5 /* RCTTwilioChatMessages.m */; };
		D4ED11CF1F9E118A00C33AF5 /* RCTTwilioChatChannels.m in Sources */ = {isa = PBXBuildFile; fileRef = D4ED11C81F9E118A00C33AF5 /* RCTTwilioChatChannels.m */; };
		D4ED11D01F9E118A00C33AF5 /* RCTTwilioAccessManager.m in Sources */ = {isa = PBXBuildFile; fileRef = D4ED11C91F9E118A00C33AF5 /* RCTTwilioAccessManager.m */; };
		D4ED11D11F9E118A00C33AF5 /* RCTTwilioChatPaginator.m in Sources */ = {isa = PBXBuildFile; fileRef = D4ED11CA1F9E118A00C33AF5 /* RCTTwilioChatPaginator.m */; };
/* End PBXBuildFile section */

/* Begin PBXCopyFilesBuildPhase section */
		1DAE2D1C1D086CD600D3FE06 /* CopyFiles */ = {
			isa = PBXCopyFilesBuildPhase;
			buildActionMask = 2147483647;
			dstPath = "include/$(PRODUCT_NAME)";
			dstSubfolderSpec = 16;
			files = (
			);
			runOnlyForDeploymentPostprocessing = 0;
		};
/* End PBXCopyFilesBuildPhase section */

/* Begin PBXFileReference section */
		1DAE2D1E1D086CD600D3FE06 /* libRCTTwilioChat.a */ = {isa = PBXFileReference; explicitFileType = archive.ar; includeInIndex = 0; path = libRCTTwilioChat.a; sourceTree = BUILT_PRODUCTS_DIR; };
		D4ED11BD1F9E118A00C33AF5 /* RCTTwilioAccessManager.h */ = {isa = PBXFileReference; fileEncoding = 4; lastKnownFileType = sourcecode.c.h; name = RCTTwilioAccessManager.h; path = RCTTwilioChat/RCTTwilioAccessManager.h; sourceTree = "<group>"; };
		D4ED11BE1F9E118A00C33AF5 /* RCTConvert+TwilioChatClient.h */ = {isa = PBXFileReference; fileEncoding = 4; lastKnownFileType = sourcecode.c.h; name = "RCTConvert+TwilioChatClient.h"; path = "RCTTwilioChat/RCTConvert+TwilioChatClient.h"; sourceTree = "<group>"; };
		D4ED11BF1F9E118A00C33AF5 /* RCTTwilioChatPaginator.h */ = {isa = PBXFileReference; fileEncoding = 4; lastKnownFileType = sourcecode.c.h; name = RCTTwilioChatPaginator.h; path = RCTTwilioChat/RCTTwilioChatPaginator.h; sourceTree = "<group>"; };
		D4ED11C01F9E118A00C33AF5 /* RCTTwilioChatMembers.h */ = {isa = PBXFileReference; fileEncoding = 4; lastKnownFileType = sourcecode.c.h; name = RCTTwilioChatMembers.h; path = RCTTwilioChat/RCTTwilioChatMembers.h; sourceTree = "<group>"; };
		D4ED11C11F9E118A00C33AF5 /* RCTConvert+TwilioChatClient.m */ = {isa = PBXFileReference; fileEncoding = 4; lastKnownFileType = sourcecode.c.objc; name = "RCTConvert+TwilioChatClient.m"; path = "RCTTwilioChat/RCTConvert+TwilioChatClient.m"; sourceTree = "<group>"; };
		D4ED11C21F9E118A00C33AF5 /* RCTTwilioChatMessages.h */ = {isa = PBXFileReference; fileEncoding = 4; lastKnownFileType = sourcecode.c.h; name = RCTTwilioChatMessages.h; path = RCTTwilioChat/RCTTwilioChatMessages.h; sourceTree = "<group>"; };
		D4ED11C31F9E118A00C33AF5 /* RCTTwilioChatMembers.m */ = {isa = PBXFileReference; fileEncoding = 4; lastKnownFileType = sourcecode.c.objc; name = RCTTwilioChatMembers.m; path = RCTTwilioChat/RCTTwilioChatMembers.m; sourceTree = "<group>"; };
		D4ED11C41F9E118A00C33AF5 /* RCTTwilioChatChannels.h */ = {isa = PBXFileReference; fileEncoding = 4; lastKnownFileType = sourcecode.c.h; name = RCTTwilioChatChannels.h; path = RCTTwilioChat/RCTTwilioChatChannels.h; sourceTree = "<group>"; };
		D4ED11C51F9E118A00C33AF5 /* RCTTwilioChatClient.m */ = {isa = PBXFileReference; fileEncoding = 4; lastKnownFileType = sourcecode.c.objc; name = RCTTwilioChatClient.m; path = RCTTwilioChat/RCTTwilioChatClient.m; sourceTree = "<group>"; };
		D4ED11C61F9E118A00C33AF5 /* RCTTwilioChatMessages.m */ = {isa = PBXFileReference; fileEncoding = 4; lastKnownFileType = sourcecode.c.objc; name = RCTTwilioChatMessages.m; path = RCTTwilioChat/RCTTwilioChatMessages.m; sourceTree = "<group>"; };
		D4ED11C71F9E118A00C33AF5 /* RCTTwilioChatClient.h */ = {isa = PBXFileReference; fileEncoding = 4; lastKnownFileType = sourcecode.c.h; name = RCTTwilioChatClient.h; path = RCTTwilioChat/RCTTwilioChatClient.h; sourceTree = "<group>"; };
		D4ED11C81F9E118A00C33AF5 /* RCTTwilioChatChannels.m */ = {isa = PBXFileReference; fileEncoding = 4; lastKnownFileType = sourcecode.c.objc; name = RCTTwilioChatChannels.m; path = RCTTwilioChat/RCTTwilioChatChannels.m; sourceTree = "<group>"; };
		D4ED11C91F9E118A00C33AF5 /* RCTTwilioAccessManager.m */ = {isa = PBXFileReference; fileEncoding = 4; lastKnownFileType = sourcecode.c.objc; name = RCTTwilioAccessManager.m; path = RCTTwilioChat/RCTTwilioAccessManager.m; sourceTree = "<group>"; };
		D4ED11CA1F9E118A00C33AF5 /* RCTTwilioChatPaginator.m */ = {isa = PBXFileReference; fileEncoding = 4; lastKnownFileType = sourcecode.c.objc; name = RCTTwilioChatPaginator.m; path = RCTTwilioChat/RCTTwilioChatPaginator.m; sourceTree = "<group>"; };
/* End PBXFileReference section */

/* Begin PBXFrameworksBuildPhase section */
		1DAE2D1B1D086CD600D3FE06 /* Frameworks */ = {
			isa = PBXFrameworksBuildPhase;
			buildActionMask = 2147483647;
			files = (
			);
			runOnlyForDeploymentPostprocessing = 0;
		};
/* End PBXFrameworksBuildPhase section */

/* Begin PBXGroup section */
		1DAE2D151D086CD600D3FE06 = {
			isa = PBXGroup;
			children = (
				D4ED11BE1F9E118A00C33AF5 /* RCTConvert+TwilioChatClient.h */,
				D4ED11C11F9E118A00C33AF5 /* RCTConvert+TwilioChatClient.m */,
				D4ED11BD1F9E118A00C33AF5 /* RCTTwilioAccessManager.h */,
				D4ED11C91F9E118A00C33AF5 /* RCTTwilioAccessManager.m */,
				D4ED11C41F9E118A00C33AF5 /* RCTTwilioChatChannels.h */,
				D4ED11C81F9E118A00C33AF5 /* RCTTwilioChatChannels.m */,
				D4ED11C71F9E118A00C33AF5 /* RCTTwilioChatClient.h */,
				D4ED11C51F9E118A00C33AF5 /* RCTTwilioChatClient.m */,
				D4ED11C01F9E118A00C33AF5 /* RCTTwilioChatMembers.h */,
				D4ED11C31F9E118A00C33AF5 /* RCTTwilioChatMembers.m */,
				D4ED11C21F9E118A00C33AF5 /* RCTTwilioChatMessages.h */,
				D4ED11C61F9E118A00C33AF5 /* RCTTwilioChatMessages.m */,
				D4ED11BF1F9E118A00C33AF5 /* RCTTwilioChatPaginator.h */,
				D4ED11CA1F9E118A00C33AF5 /* RCTTwilioChatPaginator.m */,
				1DAE2D1F1D086CD600D3FE06 /* Products */,
			);
			sourceTree = "<group>";
		};
		1DAE2D1F1D086CD600D3FE06 /* Products */ = {
			isa = PBXGroup;
			children = (
				1DAE2D1E1D086CD600D3FE06 /* libRCTTwilioChat.a */,
			);
			name = Products;
			sourceTree = "<group>";
		};
/* End PBXGroup section */

/* Begin PBXNativeTarget section */
		1DAE2D1D1D086CD600D3FE06 /* RCTTwilioChat */ = {
			isa = PBXNativeTarget;
			buildConfigurationList = 1DAE2D271D086CD600D3FE06 /* Build configuration list for PBXNativeTarget "RCTTwilioChat" */;
			buildPhases = (
				1DAE2D1A1D086CD600D3FE06 /* Sources */,
				1DAE2D1B1D086CD600D3FE06 /* Frameworks */,
				1DAE2D1C1D086CD600D3FE06 /* CopyFiles */,
			);
			buildRules = (
			);
			dependencies = (
			);
			name = RCTTwilioChat;
			productName = RCTTwilioChat;
			productReference = 1DAE2D1E1D086CD600D3FE06 /* libRCTTwilioChat.a */;
			productType = "com.apple.product-type.library.static";
		};
/* End PBXNativeTarget section */

/* Begin PBXProject section */
		1DAE2D161D086CD600D3FE06 /* Project object */ = {
			isa = PBXProject;
			attributes = {
				LastUpgradeCheck = 0730;
				ORGANIZATIONNAME = "Brad Bumbalough";
				TargetAttributes = {
					1DAE2D1D1D086CD600D3FE06 = {
						CreatedOnToolsVersion = 7.3.1;
					};
				};
			};
			buildConfigurationList = 1DAE2D191D086CD600D3FE06 /* Build configuration list for PBXProject "RCTTwilioChat" */;
			compatibilityVersion = "Xcode 3.2";
			developmentRegion = English;
			hasScannedForEncodings = 0;
			knownRegions = (
				en,
			);
			mainGroup = 1DAE2D151D086CD600D3FE06;
			productRefGroup = 1DAE2D1F1D086CD600D3FE06 /* Products */;
			projectDirPath = "";
			projectRoot = "";
			targets = (
				1DAE2D1D1D086CD600D3FE06 /* RCTTwilioChat */,
			);
		};
/* End PBXProject section */

/* Begin PBXSourcesBuildPhase section */
		1DAE2D1A1D086CD600D3FE06 /* Sources */ = {
			isa = PBXSourcesBuildPhase;
			buildActionMask = 2147483647;
			files = (
				D4ED11CD1F9E118A00C33AF5 /* RCTTwilioChatClient.m in Sources */,
				D4ED11CB1F9E118A00C33AF5 /* RCTConvert+TwilioChatClient.m in Sources */,
				D4ED11CC1F9E118A00C33AF5 /* RCTTwilioChatMembers.m in Sources */,
				D4ED11D01F9E118A00C33AF5 /* RCTTwilioAccessManager.m in Sources */,
				D4ED11D11F9E118A00C33AF5 /* RCTTwilioChatPaginator.m in Sources */,
				D4ED11CE1F9E118A00C33AF5 /* RCTTwilioChatMessages.m in Sources */,
				D4ED11CF1F9E118A00C33AF5 /* RCTTwilioChatChannels.m in Sources */,
			);
			runOnlyForDeploymentPostprocessing = 0;
		};
/* End PBXSourcesBuildPhase section */

/* Begin XCBuildConfiguration section */
		1DAE2D251D086CD600D3FE06 /* Debug */ = {
			isa = XCBuildConfiguration;
			buildSettings = {
				ALWAYS_SEARCH_USER_PATHS = NO;
				CLANG_ANALYZER_NONNULL = YES;
				CLANG_CXX_LANGUAGE_STANDARD = "gnu++0x";
				CLANG_CXX_LIBRARY = "libc++";
				CLANG_ENABLE_MODULES = YES;
				CLANG_ENABLE_OBJC_ARC = YES;
				CLANG_WARN_BOOL_CONVERSION = YES;
				CLANG_WARN_CONSTANT_CONVERSION = YES;
				CLANG_WARN_DIRECT_OBJC_ISA_USAGE = YES_ERROR;
				CLANG_WARN_EMPTY_BODY = YES;
				CLANG_WARN_ENUM_CONVERSION = YES;
				CLANG_WARN_INT_CONVERSION = YES;
				CLANG_WARN_OBJC_ROOT_CLASS = YES_ERROR;
				CLANG_WARN_UNREACHABLE_CODE = YES;
				CLANG_WARN__DUPLICATE_METHOD_MATCH = YES;
				"CODE_SIGN_IDENTITY[sdk=iphoneos*]" = "iPhone Developer";
				COPY_PHASE_STRIP = NO;
				DEBUG_INFORMATION_FORMAT = dwarf;
				ENABLE_STRICT_OBJC_MSGSEND = YES;
				ENABLE_TESTABILITY = YES;
				GCC_C_LANGUAGE_STANDARD = gnu99;
				GCC_DYNAMIC_NO_PIC = NO;
				GCC_NO_COMMON_BLOCKS = YES;
				GCC_OPTIMIZATION_LEVEL = 0;
				GCC_PREPROCESSOR_DEFINITIONS = (
					"DEBUG=1",
					"$(inherited)",
				);
				GCC_WARN_64_TO_32_BIT_CONVERSION = YES;
				GCC_WARN_ABOUT_RETURN_TYPE = YES_ERROR;
				GCC_WARN_UNDECLARED_SELECTOR = YES;
				GCC_WARN_UNINITIALIZED_AUTOS = YES_AGGRESSIVE;
				GCC_WARN_UNUSED_FUNCTION = YES;
				GCC_WARN_UNUSED_VARIABLE = YES;
				IPHONEOS_DEPLOYMENT_TARGET = 9.3;
				MTL_ENABLE_DEBUG_INFO = YES;
				ONLY_ACTIVE_ARCH = YES;
				SDKROOT = iphoneos;
			};
			name = Debug;
		};
		1DAE2D261D086CD600D3FE06 /* Release */ = {
			isa = XCBuildConfiguration;
			buildSettings = {
				ALWAYS_SEARCH_USER_PATHS = NO;
				CLANG_ANALYZER_NONNULL = YES;
				CLANG_CXX_LANGUAGE_STANDARD = "gnu++0x";
				CLANG_CXX_LIBRARY = "libc++";
				CLANG_ENABLE_MODULES = YES;
				CLANG_ENABLE_OBJC_ARC = YES;
				CLANG_WARN_BOOL_CONVERSION = YES;
				CLANG_WARN_CONSTANT_CONVERSION = YES;
				CLANG_WARN_DIRECT_OBJC_ISA_USAGE = YES_ERROR;
				CLANG_WARN_EMPTY_BODY = YES;
				CLANG_WARN_ENUM_CONVERSION = YES;
				CLANG_WARN_INT_CONVERSION = YES;
				CLANG_WARN_OBJC_ROOT_CLASS = YES_ERROR;
				CLANG_WARN_UNREACHABLE_CODE = YES;
				CLANG_WARN__DUPLICATE_METHOD_MATCH = YES;
				"CODE_SIGN_IDENTITY[sdk=iphoneos*]" = "iPhone Developer";
				COPY_PHASE_STRIP = NO;
				DEBUG_INFORMATION_FORMAT = "dwarf-with-dsym";
				ENABLE_NS_ASSERTIONS = NO;
				ENABLE_STRICT_OBJC_MSGSEND = YES;
				GCC_C_LANGUAGE_STANDARD = gnu99;
				GCC_NO_COMMON_BLOCKS = YES;
				GCC_WARN_64_TO_32_BIT_CONVERSION = YES;
				GCC_WARN_ABOUT_RETURN_TYPE = YES_ERROR;
				GCC_WARN_UNDECLARED_SELECTOR = YES;
				GCC_WARN_UNINITIALIZED_AUTOS = YES_AGGRESSIVE;
				GCC_WARN_UNUSED_FUNCTION = YES;
				GCC_WARN_UNUSED_VARIABLE = YES;
				IPHONEOS_DEPLOYMENT_TARGET = 9.3;
				MTL_ENABLE_DEBUG_INFO = NO;
				SDKROOT = iphoneos;
				VALIDATE_PRODUCT = YES;
			};
			name = Release;
		};
		D2EA9F3D1EC1AEE30040EF5B /* Debug */ = {
			isa = XCBuildConfiguration;
			buildSettings = {
				COPY_PHASE_STRIP = NO;
				FRAMEWORK_SEARCH_PATHS = (
					"$(inherited)",
					"$(PROJECT_DIR)/../../../ios/**",
				);
				GCC_DYNAMIC_NO_PIC = NO;
				GCC_OPTIMIZATION_LEVEL = 0;
				HEADER_SEARCH_PATHS = (
					"$(SRCROOT)/../../react-native/React/**",
					"$(SRCROOT)/../../../ios/**",
				);
				LIBRARY_SEARCH_PATHS = "$(inherited}";
				PRODUCT_NAME = RCTTwilioChat;
				SKIP_INSTALL = YES;
			};
			name = Debug;
		};
		D2EA9F3E1EC1AEE30040EF5B /* Release */ = {
			isa = XCBuildConfiguration;
			buildSettings = {
				COPY_PHASE_STRIP = YES;
				DEBUG_INFORMATION_FORMAT = "dwarf-with-dsym";
				FRAMEWORK_SEARCH_PATHS = (
					"$(inherited)",
					"$(PROJECT_DIR)/../../../ios/**",
				);
				HEADER_SEARCH_PATHS = (
					"$(SRCROOT)/../../react-native/React/**",
					"$(SRCROOT)/../../../ios/**",
				);
				LIBRARY_SEARCH_PATHS = "$(inherited}";
				PRODUCT_NAME = RCTTwilioChat;
				SKIP_INSTALL = YES;
			};
			name = Release;
		};
/* End XCBuildConfiguration section */

/* Begin XCConfigurationList section */
		1DAE2D191D086CD600D3FE06 /* Build configuration list for PBXProject "RCTTwilioChat" */ = {
			isa = XCConfigurationList;
			buildConfigurations = (
				1DAE2D251D086CD600D3FE06 /* Debug */,
				1DAE2D261D086CD600D3FE06 /* Release */,
			);
			defaultConfigurationIsVisible = 0;
			defaultConfigurationName = Release;
		};
		1DAE2D271D086CD600D3FE06 /* Build configuration list for PBXNativeTarget "RCTTwilioChat" */ = {
			isa = XCConfigurationList;
			buildConfigurations = (
				D2EA9F3D1EC1AEE30040EF5B /* Debug */,
				D2EA9F3E1EC1AEE30040EF5B /* Release */,
			);
			defaultConfigurationIsVisible = 0;
			defaultConfigurationName = Release;
		};
/* End XCConfigurationList section */
	};
	rootObject = 1DAE2D161D086CD600D3FE06 /* Project object */;
}
